{
  "name": "swedishstyleshop",
  "version": "1.0.0",
  "lockfileVersion": 3,
  "requires": true,
  "packages": {
    "": {
      "name": "swedishstyleshop",
      "version": "1.0.0",
      "license": "ISC",
      "dependencies": {
        "body-scroll-lock": "^4.0.0-beta.0",
        "swiper": "^11.1.3"
      }
    },
    "node_modules/body-scroll-lock": {
      "version": "4.0.0-beta.0",
      "resolved": "https://registry.npmjs.org/body-scroll-lock/-/body-scroll-lock-4.0.0-beta.0.tgz",
      "integrity": "sha512-a7tP5+0Mw3YlUJcGAKUqIBkYYGlYxk2fnCasq/FUph1hadxlTRjF+gAcZksxANnaMnALjxEddmSi/H3OR8ugcQ=="
    },
    "node_modules/swiper": {
      "version": "11.1.3",
      "resolved": "https://registry.npmjs.org/swiper/-/swiper-11.1.3.tgz",
      "integrity": "sha512-80MSxonyTxrGcaWj9YgvvhD8OG0B9/9IVZP33vhIEvyWvmKjnQDBieO+29wKvMx285sAtvZyrWBdkxaw6+D3aw==",
      "funding": [
        {
          "type": "patreon",
          "url": "https://www.patreon.com/swiperjs"
        },
        {
          "type": "open_collective",
          "url": "http://opencollective.com/swiper"
        }
      ],
      "engines": {
        "node": ">= 4.7.0"
      }
    }
  }
}
